
Microsoft Visual Studio Solution File, Format Version 12.00
# Visual Studio Version 17
VisualStudioVersion = 17.3.32825.248
MinimumVisualStudioVersion = 10.0.40219.1
Project("{FAE04EC0-301F-11D3-BF4B-00C04F79EFBC}") = "Lab_04", "Lab_04\Lab_04.csproj", "{8169E47F-E114-45BF-858D-6647F64C8AB8}"
EndProject
Global
	GlobalSection(SolutionConfigurationPlatforms) = preSolution
		Debug|Any CPU = Debug|Any CPU
		Release|Any CPU = Release|Any CPU
	EndGlobalSection
	GlobalSection(ProjectConfigurationPlatforms) = postSolution
		{8169E47F-E114-45BF-858D-6647F64C8AB8}.Debug|Any CPU.ActiveCfg = Debug|Any CPU
		{8169E47F-E114-45BF-858D-6647F64C8AB8}.Debug|Any CPU.Build.0 = Debug|Any CPU
		{8169E47F-E114-45BF-858D-6647F64C8AB8}.Release|Any CPU.ActiveCfg = Release|Any CPU
		{8169E47F-E114-45BF-858D-6647F64C8AB8}.Release|Any CPU.Build.0 = Release|Any CPU
	EndGlobalSection
	GlobalSection(SolutionProperties) = preSolution
		HideSolutionNode = FALSE
	EndGlobalSection
	GlobalSection(ExtensibilityGlobals) = postSolution
		SolutionGuid = {2D9FDA15-64F4-44EC-931F-47754244B385}
	EndGlobalSection
EndGlobal
