
Microsoft Visual Studio Solution File, Format Version 12.00
# Visual Studio Version 17
VisualStudioVersion = 17.3.32825.248
MinimumVisualStudioVersion = 10.0.40219.1
Project("{FAE04EC0-301F-11D3-BF4B-00C04F79EFBC}") = "Test", "Test\Test.csproj", "{24172DE3-54CC-4EBD-9A10-1080FBC2DF83}"
EndProject
Global
	GlobalSection(SolutionConfigurationPlatforms) = preSolution
		Debug|Any CPU = Debug|Any CPU
		Release|Any CPU = Release|Any CPU
	EndGlobalSection
	GlobalSection(ProjectConfigurationPlatforms) = postSolution
		{24172DE3-54CC-4EBD-9A10-1080FBC2DF83}.Debug|Any CPU.ActiveCfg = Debug|Any CPU
		{24172DE3-54CC-4EBD-9A10-1080FBC2DF83}.Debug|Any CPU.Build.0 = Debug|Any CPU
		{24172DE3-54CC-4EBD-9A10-1080FBC2DF83}.Release|Any CPU.ActiveCfg = Release|Any CPU
		{24172DE3-54CC-4EBD-9A10-1080FBC2DF83}.Release|Any CPU.Build.0 = Release|Any CPU
	EndGlobalSection
	GlobalSection(SolutionProperties) = preSolution
		HideSolutionNode = FALSE
	EndGlobalSection
	GlobalSection(ExtensibilityGlobals) = postSolution
		SolutionGuid = {0E66A89F-11F4-48B5-A73A-97A2EBAFC8A5}
	EndGlobalSection
EndGlobal
