
Microsoft Visual Studio Solution File, Format Version 12.00
# Visual Studio Version 17
VisualStudioVersion = 17.3.32825.248
MinimumVisualStudioVersion = 10.0.40219.1
Project("{FAE04EC0-301F-11D3-BF4B-00C04F79EFBC}") = "Lab_03s", "Lab_03s\Lab_03s.csproj", "{237D9E35-5E01-43C4-9FB3-A024440CC59D}"
EndProject
Global
	GlobalSection(SolutionConfigurationPlatforms) = preSolution
		Debug|Any CPU = Debug|Any CPU
		Release|Any CPU = Release|Any CPU
	EndGlobalSection
	GlobalSection(ProjectConfigurationPlatforms) = postSolution
		{237D9E35-5E01-43C4-9FB3-A024440CC59D}.Debug|Any CPU.ActiveCfg = Debug|Any CPU
		{237D9E35-5E01-43C4-9FB3-A024440CC59D}.Debug|Any CPU.Build.0 = Debug|Any CPU
		{237D9E35-5E01-43C4-9FB3-A024440CC59D}.Release|Any CPU.ActiveCfg = Release|Any CPU
		{237D9E35-5E01-43C4-9FB3-A024440CC59D}.Release|Any CPU.Build.0 = Release|Any CPU
	EndGlobalSection
	GlobalSection(SolutionProperties) = preSolution
		HideSolutionNode = FALSE
	EndGlobalSection
	GlobalSection(ExtensibilityGlobals) = postSolution
		SolutionGuid = {D9C1A4E7-8770-4F71-B415-02AAD7495319}
	EndGlobalSection
EndGlobal
